
Microsoft Visual Studio Solution File, Format Version 12.00
# Visual Studio Version 16
VisualStudioVersion = 16.0.29009.5
MinimumVisualStudioVersion = 10.0.40219.1
Project("{FAE04EC0-301F-11D3-BF4B-00C04F79EFBC}") = "Ecriture dans fichier texte", "Ecriture dans fichier texte.csproj", "{396E2D06-E02B-40CE-B1C6-67ADB16F9E39}"
EndProject
Global
	GlobalSection(SolutionConfigurationPlatforms) = preSolution
		Debug|Any CPU = Debug|Any CPU
		Release|Any CPU = Release|Any CPU
	EndGlobalSection
	GlobalSection(ProjectConfigurationPlatforms) = postSolution
		{396E2D06-E02B-40CE-B1C6-67ADB16F9E39}.Debug|Any CPU.ActiveCfg = Debug|Any CPU
		{396E2D06-E02B-40CE-B1C6-67ADB16F9E39}.Debug|Any CPU.Build.0 = Debug|Any CPU
		{396E2D06-E02B-40CE-B1C6-67ADB16F9E39}.Release|Any CPU.ActiveCfg = Release|Any CPU
		{396E2D06-E02B-40CE-B1C6-67ADB16F9E39}.Release|Any CPU.Build.0 = Release|Any CPU
	EndGlobalSection
	GlobalSection(SolutionProperties) = preSolution
		HideSolutionNode = FALSE
	EndGlobalSection
	GlobalSection(ExtensibilityGlobals) = postSolution
		SolutionGuid = {7BA59A83-1E0D-4558-9CBD-175A05156952}
	EndGlobalSection
EndGlobal
