
Microsoft Visual Studio Solution File, Format Version 12.00
# Visual Studio Version 16
VisualStudioVersion = 16.0.29009.5
MinimumVisualStudioVersion = 10.0.40219.1
Project("{FAE04EC0-301F-11D3-BF4B-00C04F79EFBC}") = "Machine a calculer", "Machine a calculer.csproj", "{0095899B-0B08-4458-99BD-24DC35543E71}"
EndProject
Global
	GlobalSection(SolutionConfigurationPlatforms) = preSolution
		Debug|Any CPU = Debug|Any CPU
		Release|Any CPU = Release|Any CPU
	EndGlobalSection
	GlobalSection(ProjectConfigurationPlatforms) = postSolution
		{0095899B-0B08-4458-99BD-24DC35543E71}.Debug|Any CPU.ActiveCfg = Debug|Any CPU
		{0095899B-0B08-4458-99BD-24DC35543E71}.Debug|Any CPU.Build.0 = Debug|Any CPU
		{0095899B-0B08-4458-99BD-24DC35543E71}.Release|Any CPU.ActiveCfg = Release|Any CPU
		{0095899B-0B08-4458-99BD-24DC35543E71}.Release|Any CPU.Build.0 = Release|Any CPU
	EndGlobalSection
	GlobalSection(SolutionProperties) = preSolution
		HideSolutionNode = FALSE
	EndGlobalSection
	GlobalSection(ExtensibilityGlobals) = postSolution
		SolutionGuid = {ED7973FF-6E0D-4779-9230-61247838C388}
	EndGlobalSection
EndGlobal
