
Microsoft Visual Studio Solution File, Format Version 12.00
# Visual Studio Version 16
VisualStudioVersion = 16.0.29009.5
MinimumVisualStudioVersion = 10.0.40219.1
Project("{FAE04EC0-301F-11D3-BF4B-00C04F79EFBC}") = "LectureDeFichier", "LectureDeFichier.csproj", "{6010F35B-BE1D-4B3E-A1C3-DFD8119487BA}"
EndProject
Global
	GlobalSection(SolutionConfigurationPlatforms) = preSolution
		Debug|Any CPU = Debug|Any CPU
		Release|Any CPU = Release|Any CPU
	EndGlobalSection
	GlobalSection(ProjectConfigurationPlatforms) = postSolution
		{6010F35B-BE1D-4B3E-A1C3-DFD8119487BA}.Debug|Any CPU.ActiveCfg = Debug|Any CPU
		{6010F35B-BE1D-4B3E-A1C3-DFD8119487BA}.Debug|Any CPU.Build.0 = Debug|Any CPU
		{6010F35B-BE1D-4B3E-A1C3-DFD8119487BA}.Release|Any CPU.ActiveCfg = Release|Any CPU
		{6010F35B-BE1D-4B3E-A1C3-DFD8119487BA}.Release|Any CPU.Build.0 = Release|Any CPU
	EndGlobalSection
	GlobalSection(SolutionProperties) = preSolution
		HideSolutionNode = FALSE
	EndGlobalSection
	GlobalSection(ExtensibilityGlobals) = postSolution
		SolutionGuid = {77693E40-9B15-409E-A1AB-B4BDE289FC30}
	EndGlobalSection
EndGlobal
