
Microsoft Visual Studio Solution File, Format Version 12.00
# Visual Studio 15
VisualStudioVersion = 15.0.28307.329
MinimumVisualStudioVersion = 10.0.40219.1
Project("{FAE04EC0-301F-11D3-BF4B-00C04F79EFBC}") = "deduction_fiscales", "deduction_fiscales\deduction_fiscales.csproj", "{0004FD68-7040-4456-8F5E-F82A68B56FAB}"
EndProject
Global
	GlobalSection(SolutionConfigurationPlatforms) = preSolution
		Debug|Any CPU = Debug|Any CPU
		Release|Any CPU = Release|Any CPU
	EndGlobalSection
	GlobalSection(ProjectConfigurationPlatforms) = postSolution
		{0004FD68-7040-4456-8F5E-F82A68B56FAB}.Debug|Any CPU.ActiveCfg = Debug|Any CPU
		{0004FD68-7040-4456-8F5E-F82A68B56FAB}.Debug|Any CPU.Build.0 = Debug|Any CPU
		{0004FD68-7040-4456-8F5E-F82A68B56FAB}.Release|Any CPU.ActiveCfg = Release|Any CPU
		{0004FD68-7040-4456-8F5E-F82A68B56FAB}.Release|Any CPU.Build.0 = Release|Any CPU
	EndGlobalSection
	GlobalSection(SolutionProperties) = preSolution
		HideSolutionNode = FALSE
	EndGlobalSection
	GlobalSection(ExtensibilityGlobals) = postSolution
		SolutionGuid = {2E14FAD5-8D00-41DF-A841-EA8BA0922FEF}
	EndGlobalSection
EndGlobal
